# This file was autogenerated by Stack.
# You should not edit this file by hand.
# For more information, please see the documentation at:
#   https://docs.haskellstack.org/en/stable/lock_files

packages: []
snapshots:
- completed:
    size: 556770
    url: https://raw.githubusercontent.com/commercialhaskell/stackage-snapshots/master/nightly/2020/12/12.yaml
    sha256: 168062744e171ba6949149ee702483d2186ddfbb6038508576d6c5093245f534
  original: nightly-2020-12-12
